
Microsoft Visual Studio Solution File, Format Version 12.00
# Visual Studio Version 16
VisualStudioVersion = 16.0.32126.315
MinimumVisualStudioVersion = 10.0.40219.1
Project("{9A19103F-16F7-4668-BE54-9A1E7A4F7556}") = "LightsOffConsole", "LightsOff\LightsOffConsole.csproj", "{945ED816-B309-4867-906F-67CACB4F2259}"
EndProject
Project("{FAE04EC0-301F-11D3-BF4B-00C04F79EFBC}") = "LightsOffCore", "LightsOffCore\LightsOffCore.csproj", "{89055F7B-CBE5-49DF-A128-B5EAEB9A10F6}"
EndProject
Global
	GlobalSection(SolutionConfigurationPlatforms) = preSolution
		Debug|Any CPU = Debug|Any CPU
		Release|Any CPU = Release|Any CPU
	EndGlobalSection
	GlobalSection(ProjectConfigurationPlatforms) = postSolution
		{945ED816-B309-4867-906F-67CACB4F2259}.Debug|Any CPU.ActiveCfg = Debug|Any CPU
		{945ED816-B309-4867-906F-67CACB4F2259}.Debug|Any CPU.Build.0 = Debug|Any CPU
		{945ED816-B309-4867-906F-67CACB4F2259}.Release|Any CPU.ActiveCfg = Release|Any CPU
		{945ED816-B309-4867-906F-67CACB4F2259}.Release|Any CPU.Build.0 = Release|Any CPU
		{89055F7B-CBE5-49DF-A128-B5EAEB9A10F6}.Debug|Any CPU.ActiveCfg = Debug|Any CPU
		{89055F7B-CBE5-49DF-A128-B5EAEB9A10F6}.Debug|Any CPU.Build.0 = Debug|Any CPU
		{89055F7B-CBE5-49DF-A128-B5EAEB9A10F6}.Release|Any CPU.ActiveCfg = Release|Any CPU
		{89055F7B-CBE5-49DF-A128-B5EAEB9A10F6}.Release|Any CPU.Build.0 = Release|Any CPU
	EndGlobalSection
	GlobalSection(SolutionProperties) = preSolution
		HideSolutionNode = FALSE
	EndGlobalSection
	GlobalSection(ExtensibilityGlobals) = postSolution
		SolutionGuid = {819EF996-3505-4730-884E-3207F2730DBD}
	EndGlobalSection
EndGlobal
